
Microsoft Visual Studio Solution File, Format Version 12.00
# Visual Studio Version 17
VisualStudioVersion = 17.1.32328.378
MinimumVisualStudioVersion = 10.0.40219.1
Project("{FAE04EC0-301F-11D3-BF4B-00C04F79EFBC}") = "LopusokApp", "LopusokApp\LopusokApp.csproj", "{BCFEE9E3-8D0E-4F9C-BA9B-65203C323584}"
EndProject
Global
	GlobalSection(SolutionConfigurationPlatforms) = preSolution
		Debug|Any CPU = Debug|Any CPU
		Release|Any CPU = Release|Any CPU
	EndGlobalSection
	GlobalSection(ProjectConfigurationPlatforms) = postSolution
		{BCFEE9E3-8D0E-4F9C-BA9B-65203C323584}.Debug|Any CPU.ActiveCfg = Debug|Any CPU
		{BCFEE9E3-8D0E-4F9C-BA9B-65203C323584}.Debug|Any CPU.Build.0 = Debug|Any CPU
		{BCFEE9E3-8D0E-4F9C-BA9B-65203C323584}.Release|Any CPU.ActiveCfg = Release|Any CPU
		{BCFEE9E3-8D0E-4F9C-BA9B-65203C323584}.Release|Any CPU.Build.0 = Release|Any CPU
	EndGlobalSection
	GlobalSection(SolutionProperties) = preSolution
		HideSolutionNode = FALSE
	EndGlobalSection
	GlobalSection(ExtensibilityGlobals) = postSolution
		SolutionGuid = {CF1C84F0-5D86-479F-BBAA-DC20C3DDE4A0}
	EndGlobalSection
EndGlobal
